
Microsoft Visual Studio Solution File, Format Version 12.00
# Visual Studio Version 17
VisualStudioVersion = 17.13.35913.81 d17.13
MinimumVisualStudioVersion = 10.0.40219.1
Project("{FAE04EC0-301F-11D3-BF4B-00C04F79EFBC}") = "ojito_ocultar_password", "ojito_ocultar_password\ojito_ocultar_password.csproj", "{7EE1C602-A4F9-438D-9D13-658FC948AD74}"
EndProject
Global
	GlobalSection(SolutionConfigurationPlatforms) = preSolution
		Debug|Any CPU = Debug|Any CPU
		Release|Any CPU = Release|Any CPU
	EndGlobalSection
	GlobalSection(ProjectConfigurationPlatforms) = postSolution
		{7EE1C602-A4F9-438D-9D13-658FC948AD74}.Debug|Any CPU.ActiveCfg = Debug|Any CPU
		{7EE1C602-A4F9-438D-9D13-658FC948AD74}.Debug|Any CPU.Build.0 = Debug|Any CPU
		{7EE1C602-A4F9-438D-9D13-658FC948AD74}.Release|Any CPU.ActiveCfg = Release|Any CPU
		{7EE1C602-A4F9-438D-9D13-658FC948AD74}.Release|Any CPU.Build.0 = Release|Any CPU
	EndGlobalSection
	GlobalSection(SolutionProperties) = preSolution
		HideSolutionNode = FALSE
	EndGlobalSection
	GlobalSection(ExtensibilityGlobals) = postSolution
		SolutionGuid = {A894152B-78CF-4AB7-AC5F-727EB64F8A8F}
	EndGlobalSection
EndGlobal
